
Microsoft Visual Studio Solution File, Format Version 12.00
# Visual Studio Version 17
VisualStudioVersion = 17.11.35303.130
MinimumVisualStudioVersion = 10.0.40219.1
Project("{FAE04EC0-301F-11D3-BF4B-00C04F79EFBC}") = "LINQ_Exercise", "LINQ_Exercise.csproj", "{4338AD72-D0F3-4BA1-BBB0-C563A6F23A0E}"
EndProject
Global
	GlobalSection(SolutionConfigurationPlatforms) = preSolution
		Debug|Any CPU = Debug|Any CPU
		Release|Any CPU = Release|Any CPU
	EndGlobalSection
	GlobalSection(ProjectConfigurationPlatforms) = postSolution
		{4338AD72-D0F3-4BA1-BBB0-C563A6F23A0E}.Debug|Any CPU.ActiveCfg = Debug|Any CPU
		{4338AD72-D0F3-4BA1-BBB0-C563A6F23A0E}.Debug|Any CPU.Build.0 = Debug|Any CPU
		{4338AD72-D0F3-4BA1-BBB0-C563A6F23A0E}.Release|Any CPU.ActiveCfg = Release|Any CPU
		{4338AD72-D0F3-4BA1-BBB0-C563A6F23A0E}.Release|Any CPU.Build.0 = Release|Any CPU
	EndGlobalSection
	GlobalSection(SolutionProperties) = preSolution
		HideSolutionNode = FALSE
	EndGlobalSection
	GlobalSection(ExtensibilityGlobals) = postSolution
		SolutionGuid = {00628D20-4997-495A-882A-8EC5889BDFA4}
	EndGlobalSection
EndGlobal
